
Microsoft Visual Studio Solution File, Format Version 12.00
# Visual Studio Version 16
VisualStudioVersion = 16.0.31829.152
MinimumVisualStudioVersion = 10.0.40219.1
Project("{8BC9CEB8-8B4A-11D0-8D11-00A0C91BC942}") = "enoxus", "enoxus\enoxus.vcxproj", "{A41CF653-0545-42EC-ABF7-732650E6E9D4}"
EndProject
Global
	GlobalSection(SolutionConfigurationPlatforms) = preSolution
		Debug|x64 = Debug|x64
		Debug|x86 = Debug|x86
		Release|x64 = Release|x64
		Release|x86 = Release|x86
	EndGlobalSection
	GlobalSection(ProjectConfigurationPlatforms) = postSolution
		{A41CF653-0545-42EC-ABF7-732650E6E9D4}.Debug|x64.ActiveCfg = Debug|x64
		{A41CF653-0545-42EC-ABF7-732650E6E9D4}.Debug|x64.Build.0 = Debug|x64
		{A41CF653-0545-42EC-ABF7-732650E6E9D4}.Debug|x86.ActiveCfg = Debug|Win32
		{A41CF653-0545-42EC-ABF7-732650E6E9D4}.Debug|x86.Build.0 = Debug|Win32
		{A41CF653-0545-42EC-ABF7-732650E6E9D4}.Release|x64.ActiveCfg = Release|x64
		{A41CF653-0545-42EC-ABF7-732650E6E9D4}.Release|x64.Build.0 = Release|x64
		{A41CF653-0545-42EC-ABF7-732650E6E9D4}.Release|x86.ActiveCfg = Release|Win32
		{A41CF653-0545-42EC-ABF7-732650E6E9D4}.Release|x86.Build.0 = Release|Win32
	EndGlobalSection
	GlobalSection(SolutionProperties) = preSolution
		HideSolutionNode = FALSE
	EndGlobalSection
	GlobalSection(ExtensibilityGlobals) = postSolution
		SolutionGuid = {1CCFB3A1-B79A-4993-A5F1-B6819D9EB317}
	EndGlobalSection
EndGlobal
